<?xml version="1.0" encoding="utf-8"?>
<Project ToolsVersion="4.0" xmlns="http://schemas.microsoft.com/developer/msbuild/2003">
  <ItemGroup>
    <Filter Include="Source Files">
      <UniqueIdentifier>{4FC737F1-C7A5-4376-A066-2A32D752A2FF}</UniqueIdentifier>
      <Extensions>cpp;c;cc;cxx;def;odl;idl;hpj;bat;asm;asmx</Extensions>
    </Filter>
    <Filter Include="Header Files">
      <UniqueIdentifier>{93995380-89BD-4b04-88EB-625FBE52EBFB}</UniqueIdentifier>
      <Extensions>h;hh;hpp;hxx;hm;inl;inc;ipp;xsd</Extensions>
    </Filter>
    <Filter Include="Resource Files">
      <UniqueIdentifier>{67DA6AB6-F800-4c08-8B7A-83BB121AAD01}</UniqueIdentifier>
      <Extensions>rc;ico;cur;bmp;dlg;rc2;rct;bin;rgs;gif;jpg;jpeg;jpe;resx;tiff;tif;png;wav;mfcribbon-ms</Extensions>
    </Filter>
    <Filter Include="Source Files\CLRHost">
      <UniqueIdentifier>{06e2df87-caf2-4d09-9770-e4a2a61e8e1e}</UniqueIdentifier>
    </Filter>
    <Filter Include="Header Files\CLRHost">
      <UniqueIdentifier>{681c4798-7647-4c2a-bce4-93b071d11ca6}</UniqueIdentifier>
    </Filter>
  </ItemGroup>
  <ItemGroup>
    <ClInclude Include="pch.h">
      <Filter>Header Files</Filter>
    </ClInclude>
    <ClInclude Include="YBWLib2dotNETMixedApi.h">
      <Filter>Header Files</Filter>
    </ClInclude>
    <ClInclude Include="YBWLib2dotNETMixedInit.h">
      <Filter>Header Files</Filter>
    </ClInclude>
    <ClInclude Include="CLRHost\AppDomainManager.h">
      <Filter>Header Files\CLRHost</Filter>
    </ClInclude>
    <ClInclude Include="pch_Unmanaged.h">
      <Filter>Header Files</Filter>
    </ClInclude>
    <ClInclude Include="Interop.h">
      <Filter>Header Files</Filter>
    </ClInclude>
    <ClInclude Include="InteropUnmanaged.h">
      <Filter>Header Files</Filter>
    </ClInclude>
    <ClInclude Include="InteropCommon.h">
      <Filter>Header Files</Filter>
    </ClInclude>
  </ItemGroup>
  <ItemGroup>
    <ClCompile Include="pch.cpp">
      <Filter>Source Files</Filter>
    </ClCompile>
    <ClCompile Include="pch_Unmanaged.cpp">
      <Filter>Source Files</Filter>
    </ClCompile>
    <ClCompile Include="ModuleLocal_Unmanaged.cpp">
      <Filter>Source Files</Filter>
    </ClCompile>
    <ClCompile Include="YBWLib2dotNETMixedInit_Managed.cpp">
      <Filter>Source Files</Filter>
    </ClCompile>
    <ClCompile Include="YBWLib2dotNETMixedInit_Unmanaged.cpp">
      <Filter>Source Files</Filter>
    </ClCompile>
    <ClCompile Include="AssemblyInfo.cpp">
      <Filter>Source Files</Filter>
    </ClCompile>
    <ClCompile Include="CLRHost\AppDomainManager.cpp">
      <Filter>Source Files\CLRHost</Filter>
    </ClCompile>
    <ClCompile Include="Interop.cpp">
      <Filter>Source Files</Filter>
    </ClCompile>
  </ItemGroup>
  <ItemGroup>
    <Text Include="RevisionNumber.txt" />
  </ItemGroup>
  <ItemGroup>
    <CustomBuild Include="AssemblyInfo.tt" />
    <CustomBuild Include="IncrementRevisionNumber.bat" />
  </ItemGroup>
  <ItemGroup>
    <None Include="VersionInfo.t4" />
    <None Include=".gitignore" />
    <None Include="RevisionNumber.t4" />
  </ItemGroup>
</Project>