<?xml version="1.0" encoding="utf-8"?>
<Project ToolsVersion="4.0" xmlns="http://schemas.microsoft.com/developer/msbuild/2003">
  <ItemGroup>
    <Filter Include="Source Files">
      <UniqueIdentifier>{4FC737F1-C7A5-4376-A066-2A32D752A2FF}</UniqueIdentifier>
      <Extensions>cpp;c;cc;cxx;def;odl;idl;hpj;bat;asm;asmx</Extensions>
    </Filter>
    <Filter Include="Header Files">
      <UniqueIdentifier>{93995380-89BD-4b04-88EB-625FBE52EBFB}</UniqueIdentifier>
      <Extensions>h;hh;hpp;hxx;hm;inl;inc;ipp;xsd</Extensions>
    </Filter>
    <Filter Include="Resource Files">
      <UniqueIdentifier>{67DA6AB6-F800-4c08-8B7A-83BB121AAD01}</UniqueIdentifier>
      <Extensions>rc;ico;cur;bmp;dlg;rc2;rct;bin;rgs;gif;jpg;jpeg;jpe;resx;tiff;tif;png;wav;mfcribbon-ms</Extensions>
    </Filter>
    <Filter Include="Header Files\Common">
      <UniqueIdentifier>{3cc43c81-a9e7-43c4-acaa-f4c3710a8a21}</UniqueIdentifier>
    </Filter>
    <Filter Include="Header Files\DynamicType">
      <UniqueIdentifier>{e7fd06ba-fdd6-443b-bc9e-19863e8e530c}</UniqueIdentifier>
    </Filter>
    <Filter Include="Header Files\Exception">
      <UniqueIdentifier>{c99607fc-a767-46d2-8d32-849ec208162c}</UniqueIdentifier>
    </Filter>
    <Filter Include="Header Files\File">
      <UniqueIdentifier>{a2cf0758-da4b-4469-b5d5-3ce9768d31c5}</UniqueIdentifier>
    </Filter>
    <Filter Include="Source Files\Common">
      <UniqueIdentifier>{fdf12f1a-9aae-4a1e-bb84-1137a629c054}</UniqueIdentifier>
    </Filter>
    <Filter Include="Source Files\DynamicType">
      <UniqueIdentifier>{137257af-59de-4181-bbe0-39696ee87a61}</UniqueIdentifier>
    </Filter>
    <Filter Include="Source Files\Exception">
      <UniqueIdentifier>{206fbc4f-9470-42d5-838f-d97770ebcc24}</UniqueIdentifier>
    </Filter>
    <Filter Include="Source Files\File">
      <UniqueIdentifier>{0f783717-01d3-4692-9014-3fbbd4d8a840}</UniqueIdentifier>
    </Filter>
  </ItemGroup>
  <ItemGroup>
    <ClInclude Include="pch.h">
      <Filter>Header Files</Filter>
    </ClInclude>
    <ClInclude Include="YBWLib2Api.h">
      <Filter>Header Files</Filter>
    </ClInclude>
    <ClInclude Include="Common\Common.h">
      <Filter>Header Files\Common</Filter>
    </ClInclude>
    <ClInclude Include="Common\CommonLowLevel.h">
      <Filter>Header Files\Common</Filter>
    </ClInclude>
    <ClInclude Include="Common\CommonSTLHelper.h">
      <Filter>Header Files\Common</Filter>
    </ClInclude>
    <ClInclude Include="DynamicType\DynamicType.h">
      <Filter>Header Files\DynamicType</Filter>
    </ClInclude>
    <ClInclude Include="Exception\Exception.h">
      <Filter>Header Files\Exception</Filter>
    </ClInclude>
    <ClInclude Include="File\File.h">
      <Filter>Header Files\File</Filter>
    </ClInclude>
    <ClInclude Include="ModuleLocal.h">
      <Filter>Header Files</Filter>
    </ClInclude>
    <ClInclude Include="DynamicType\DynamicTypeModuleLocal.h">
      <Filter>Header Files\DynamicType</Filter>
    </ClInclude>
    <ClInclude Include="DynamicType\DynamicTypeInternal.h">
      <Filter>Header Files\DynamicType</Filter>
    </ClInclude>
    <ClInclude Include="Common\CommonModuleLocal.h">
      <Filter>Header Files\Common</Filter>
    </ClInclude>
    <ClInclude Include="Exception\ExceptionModuleLocal.h">
      <Filter>Header Files\Exception</Filter>
    </ClInclude>
    <ClInclude Include="Exception\ExceptionWindows.h">
      <Filter>Header Files\Exception</Filter>
    </ClInclude>
    <ClInclude Include="Windows.h">
      <Filter>Header Files</Filter>
    </ClInclude>
    <ClInclude Include="ModuleLocalWindows.h">
      <Filter>Header Files</Filter>
    </ClInclude>
    <ClInclude Include="Exception\ExceptionModuleLocalWindows.h">
      <Filter>Header Files\Exception</Filter>
    </ClInclude>
  </ItemGroup>
  <ItemGroup>
    <ClCompile Include="pch.cpp">
      <Filter>Source Files</Filter>
    </ClCompile>
    <ClCompile Include="Common\Common.cpp">
      <Filter>Source Files\Common</Filter>
    </ClCompile>
    <ClCompile Include="Common\CommonLowLevel.cpp">
      <Filter>Source Files\Common</Filter>
    </ClCompile>
    <ClCompile Include="DynamicType\DynamicType.cpp">
      <Filter>Source Files\DynamicType</Filter>
    </ClCompile>
    <ClCompile Include="Exception\Exception.cpp">
      <Filter>Source Files\Exception</Filter>
    </ClCompile>
    <ClCompile Include="File\File.cpp">
      <Filter>Source Files\File</Filter>
    </ClCompile>
    <ClCompile Include="ModuleLocal.cpp">
      <Filter>Source Files</Filter>
    </ClCompile>
    <ClCompile Include="Exception\ExceptionWindows.cpp">
      <Filter>Source Files\Exception</Filter>
    </ClCompile>
    <ClCompile Include="ModuleLocalWindows.cpp">
      <Filter>Source Files</Filter>
    </ClCompile>
  </ItemGroup>
</Project>